<?xml version="1.0" encoding="utf-8"?>
<Project ToolsVersion="4.0" xmlns="http://schemas.microsoft.com/developer/msbuild/2003">
  <ItemGroup>
    <Filter Include="Source Files">
      <UniqueIdentifier>{4FC737F1-C7A5-4376-A066-2A32D752A2FF}</UniqueIdentifier>
      <Extensions>cpp;c;cc;cxx;def;odl;idl;hpj;bat;asm;asmx</Extensions>
    </Filter>
    <Filter Include="Resource Files">
      <UniqueIdentifier>{67DA6AB6-F800-4c08-8B7A-83BB121AAD01}</UniqueIdentifier>
      <Extensions>rc;ico;cur;bmp;dlg;rc2;rct;bin;rgs;gif;jpg;jpeg;jpe;resx;tiff;tif;png;wav;mfcribbon-ms</Extensions>
    </Filter>
  </ItemGroup>
  <ItemGroup>
    <ClCompile Include="Source\Exporter\main.cpp">
      <Filter>Source Files</Filter>
    </ClCompile>
    <ClCompile Include="Source\Exporter\Common\Common.cpp">
      <Filter>Source Files</Filter>
    </ClCompile>
    <ClCompile Include="Source\Exporter\Definitions\Face.cpp">
      <Filter>Source Files</Filter>
    </ClCompile>
    <ClCompile Include="Source\Exporter\Definitions\Material.cpp">
      <Filter>Source Files</Filter>
    </ClCompile>
    <ClCompile Include="Source\Exporter\Definitions\Mesh.cpp">
      <Filter>Source Files</Filter>
    </ClCompile>
    <ClCompile Include="Source\Exporter\Definitions\Model.cpp">
      <Filter>Source Files</Filter>
    </ClCompile>
    <ClCompile Include="Source\Exporter\Definitions\Polylist.cpp">
      <Filter>Source Files</Filter>
    </ClCompile>
    <ClCompile Include="Source\Exporter\Definitions\Scene.cpp">
      <Filter>Source Files</Filter>
    </ClCompile>
    <ClCompile Include="Source\Exporter\Definitions\Vertex.cpp">
      <Filter>Source Files</Filter>
    </ClCompile>
    <ClCompile Include="Source\Exporter\Parsers\ParseMeshHelper.cpp">
      <Filter>Source Files</Filter>
    </ClCompile>
    <ClCompile Include="Source\Exporter\Parsers\ParseScene.cpp">
      <Filter>Source Files</Filter>
    </ClCompile>
    <ClCompile Include="Source\Exporter\Utilities\Utilities.cpp">
      <Filter>Source Files</Filter>
    </ClCompile>
    <ClCompile Include="Source\Exporter\Writers\WriteScene.cpp">
      <Filter>Source Files</Filter>
    </ClCompile>
    <ClCompile Include="Source\Exporter\Parsers\ParseAnimations\ParseAnimation.cpp">
      <Filter>Source Files</Filter>
    </ClCompile>
    <ClCompile Include="Source\Exporter\Parsers\ParseAnimations\ParseAnimationHelper.cpp">
      <Filter>Source Files</Filter>
    </ClCompile>
    <ClCompile Include="Source\Exporter\Parsers\ParseAnimations\RigidAnimationData.cpp">
      <Filter>Source Files</Filter>
    </ClCompile>
  </ItemGroup>
  <ItemGroup>
    <ClInclude Include="Source\Exporter\Common\Common.h">
      <Filter>Source Files</Filter>
    </ClInclude>
    <ClInclude Include="Source\Exporter\Common\Declarations.h">
      <Filter>Source Files</Filter>
    </ClInclude>
    <ClInclude Include="Source\Exporter\Definitions\Declarations.h">
      <Filter>Source Files</Filter>
    </ClInclude>
    <ClInclude Include="Source\Exporter\Definitions\Face.h">
      <Filter>Source Files</Filter>
    </ClInclude>
    <ClInclude Include="Source\Exporter\Definitions\Material.h">
      <Filter>Source Files</Filter>
    </ClInclude>
    <ClInclude Include="Source\Exporter\Definitions\Mesh.h">
      <Filter>Source Files</Filter>
    </ClInclude>
    <ClInclude Include="Source\Exporter\Definitions\Model.h">
      <Filter>Source Files</Filter>
    </ClInclude>
    <ClInclude Include="Source\Exporter\Definitions\Polylist.h">
      <Filter>Source Files</Filter>
    </ClInclude>
    <ClInclude Include="Source\Exporter\Definitions\Scene.h">
      <Filter>Source Files</Filter>
    </ClInclude>
    <ClInclude Include="Source\Exporter\Definitions\Vertex.h">
      <Filter>Source Files</Filter>
    </ClInclude>
    <ClInclude Include="Source\Exporter\Parsers\ParseMeshHelper.h">
      <Filter>Source Files</Filter>
    </ClInclude>
    <ClInclude Include="Source\Exporter\Parsers\ParseScene.h">
      <Filter>Source Files</Filter>
    </ClInclude>
    <ClInclude Include="Source\Exporter\Utilities\Utilities.h">
      <Filter>Source Files</Filter>
    </ClInclude>
    <ClInclude Include="Source\Exporter\Writers\WriteScene.h">
      <Filter>Source Files</Filter>
    </ClInclude>
    <ClInclude Include="Source\Exporter\Parsers\ParseAnimations\ParseAnimation.h" />
    <ClInclude Include="Source\Exporter\Parsers\ParseAnimations\ParseAnimationHelper.h" />
    <ClInclude Include="Source\Exporter\Parsers\ParseAnimations\RigidAnimationData.h" />
  </ItemGroup>
</Project>